# This file was autogenerated by uv via the following command:
#    uv pip compile requirements-ucloud-b200.in --python-version 3.10 --python-platform x86_64-unknown-linux-gnu --torch-backend cu128 --emit-index-url -o requirements-ucloud-b200.lock
--index-url https://pypi.org/simple

-e ./levanter
    # via -r requirements-ucloud-b200.in
absl-py==2.5.1
    # via
    #   chex
    #   optax
agent-detector==2.0.0
    # via fastapi-cloud-cli
aiohappyeyeballs==2.7.1
    # via aiohttp
aiohttp==3.14.4
    # via
    #   aiohttp-cors
    #   datasets
    #   fsspec
    #   ray
    #   vllm
aiohttp-cors==0.8.1
    # via ray
aiosignal==1.4.0
    # via aiohttp
annotated-doc==0.0.5
    # via
    #   fastapi
    #   typer
annotated-types==0.8.0
    # via pydantic
anyio==4.15.1
    # via
    #   httpx
    #   httpx2
    #   openai
    #   starlette
    #   watchfiles
astor==0.8.1
    # via depyf
async-timeout==5.0.1
    # via aiohttp
attrs==26.1.0
    # via
    #   aiohttp
    #   jsonschema
    #   referencing
blake3==1.0.10
    # via vllm
braceexpand==0.1.7
    # via levanter
cachetools==7.2.1
    # via vllm
cbor2==6.1.5
    # via vllm
certifi==2026.7.22
    # via
    #   httpcore
    #   httpx
    #   requests
    #   sentry-sdk
cffi==2.1.1
    # via
    #   cryptography
    #   soundfile
charset-normalizer==3.5.2
    # via requests
chex==0.1.90
    # via optax
click==8.5.0
    # via
    #   ray
    #   rich-toolkit
    #   uvicorn
    #   wandb
cloudpickle==3.1.2
    # via vllm
colorful==0.5.8
    # via ray
compressed-tensors==0.11.0
    # via vllm
contourpy==1.3.2
    # via matplotlib
cryptography==50.0.2
    # via google-auth
cupy-cuda12x==13.6.0
    # via ray
cycler==0.12.1
    # via matplotlib
dataclasses-json==0.6.7
    # via levanter
datasets==2.21.0
    # via
    #   -r requirements-ucloud-b200.in
    #   levanter
depyf==0.19.0
    # via vllm
detect-installer==0.2.1
    # via fastapi-cloud-cli
dill==0.3.8
    # via
    #   datasets
    #   depyf
    #   multiprocess
diskcache==5.6.3
    # via vllm
distlib==0.4.3
    # via virtualenv
dnspython==2.8.0
    # via email-validator
docker-pycreds==0.4.0
    # via wandb
draccus==0.11.6
    # via levanter
easydict==1.13
    # via -r requirements-ucloud-b200.in
einops==0.8.2
    # via vllm
email-validator==2.3.0
    # via
    #   fastapi
    #   pydantic
equinox==0.11.12
    # via
    #   -r requirements-ucloud-b200.in
    #   haliax
    #   levanter
exceptiongroup==1.3.1
    # via anyio
fastapi==0.143.0
    # via vllm
fastapi-cli==0.0.32
    # via fastapi
fastapi-cloud-cli==0.26.0
    # via fastapi-cli
fastar==0.12.0
    # via
    #   fastapi
    #   fastapi-cloud-cli
fastrlock==0.8.3
    # via cupy-cuda12x
filelock==3.32.7
    # via
    #   datasets
    #   huggingface-hub
    #   levanter
    #   python-discovery
    #   ray
    #   torch
    #   transformers
    #   virtualenv
    #   vllm
fonttools==4.65.0
    # via matplotlib
frozendict==2.4.7
    # via compressed-tensors
frozenlist==1.8.0
    # via
    #   aiohttp
    #   aiosignal
fsspec==2024.6.1
    # via
    #   datasets
    #   huggingface-hub
    #   levanter
    #   torch
func-timeout==4.3.5
    # via -r requirements-ucloud-b200.in
gguf==0.19.0
    # via vllm
gitdb==4.0.12
    # via gitpython
gitpython==3.2.0
    # via wandb
google-api-core==2.33.0
    # via opencensus
google-auth==2.61.0
    # via google-api-core
googleapis-common-protos==1.75.0
    # via
    #   google-api-core
    #   opentelemetry-exporter-otlp-proto-http
grpcio==1.84.0
    # via ray
h11==0.16.0
    # via
    #   httpcore
    #   httpcore2
    #   uvicorn
haliax==1.4.dev327
    # via
    #   -r requirements-ucloud-b200.in
    #   levanter
hf-xet==1.7.0
    # via huggingface-hub
httpcore==1.0.9
    # via httpx
httpcore2==2.13.1
    # via httpx2
httptools==0.8.0
    # via uvicorn
httpx==0.28.1
    # via
    #   fastapi
    #   fastapi-cloud-cli
httpx2==2.13.1
    # via openai
huggingface-hub==0.36.2
    # via
    #   datasets
    #   tokenizers
    #   transformers
humanfriendly==10.0
    # via levanter
idna==3.20
    # via
    #   anyio
    #   email-validator
    #   httpx
    #   httpx2
    #   requests
    #   yarl
interegular==0.3.3
    # via lm-format-enforcer
jax==0.5.3
    # via
    #   -r requirements-ucloud-b200.in
    #   chex
    #   equinox
    #   optax
jax-cuda12-pjrt==0.5.3
    # via jax-cuda12-plugin
jax-cuda12-plugin==0.5.3
    # via jax
jaxlib==0.5.3
    # via
    #   chex
    #   jax
    #   optax
jaxtyping==0.2.34
    # via
    #   -r requirements-ucloud-b200.in
    #   equinox
    #   haliax
    #   levanter
jinja2==3.1.6
    # via
    #   fastapi
    #   torch
jiter==0.17.0
    # via openai
jmp==0.0.4
    # via
    #   haliax
    #   levanter
jsonschema==4.26.0
    # via
    #   mistral-common
    #   ray
jsonschema-specifications==2025.9.1
    # via jsonschema
kiwisolver==1.5.1
    # via matplotlib
lark==1.2.2
    # via vllm
llguidance==0.7.30
    # via vllm
llvmlite==0.44.0
    # via numba
lm-format-enforcer==0.11.3
    # via vllm
markdown-it-py==4.2.0
    # via rich
markupsafe==3.0.4
    # via jinja2
marshmallow==3.26.2
    # via dataclasses-json
matplotlib==3.10.9
    # via levanter
mdurl==0.1.2
    # via markdown-it-py
mergedeep==1.3.4
    # via draccus
mistral-common==1.12.0
    # via vllm
ml-dtypes==0.5.1
    # via
    #   -r requirements-ucloud-b200.in
    #   jax
    #   jaxlib
    #   tensorstore
mpmath==1.3.0
    # via sympy
msgpack==1.2.3
    # via ray
msgspec==0.22.0
    # via vllm
multidict==6.9.1
    # via
    #   aiohttp
    #   yarl
multiprocess==0.70.16
    # via datasets
mypy-extensions==1.1.0
    # via typing-inspect
networkx==3.4.2
    # via torch
ninja==1.13.2
    # via
    #   vllm
    #   xgrammar
numba==0.61.2
    # via vllm
numpy==1.26.4
    # via
    #   -r requirements-ucloud-b200.in
    #   chex
    #   contourpy
    #   cupy-cuda12x
    #   datasets
    #   gguf
    #   jax
    #   jaxlib
    #   jmp
    #   matplotlib
    #   mistral-common
    #   ml-dtypes
    #   numba
    #   opencv-python-headless
    #   optax
    #   pandas
    #   pyarrow
    #   safetensors
    #   scipy
    #   soundfile
    #   soxr
    #   tensorstore
    #   torchvision
    #   transformers
    #   vllm
    #   xformers
    #   xgrammar
nvidia-cublas-cu12==12.8.4.1
    # via
    #   jax-cuda12-plugin
    #   nvidia-cudnn-cu12
    #   nvidia-cusolver-cu12
    #   torch
nvidia-cuda-cupti-cu12==12.8.90
    # via
    #   jax-cuda12-plugin
    #   torch
nvidia-cuda-nvcc-cu12==12.8.93
    # via
    #   -r requirements-ucloud-b200.in
    #   jax-cuda12-plugin
nvidia-cuda-nvrtc-cu12==12.8.93
    # via torch
nvidia-cuda-runtime-cu12==12.8.90
    # via
    #   jax-cuda12-plugin
    #   torch
nvidia-cudnn-cu12==9.10.2.21
    # via
    #   jax-cuda12-plugin
    #   torch
nvidia-cufft-cu12==11.3.3.83
    # via
    #   jax-cuda12-plugin
    #   torch
nvidia-cufile-cu12==1.13.1.3
    # via torch
nvidia-curand-cu12==10.3.9.90
    # via torch
nvidia-cusolver-cu12==11.7.3.90
    # via
    #   jax-cuda12-plugin
    #   torch
nvidia-cusparse-cu12==12.5.8.93
    # via
    #   jax-cuda12-plugin
    #   nvidia-cusolver-cu12
    #   torch
nvidia-cusparselt-cu12==0.7.1
    # via torch
nvidia-nccl-cu12==2.27.3
    # via
    #   jax-cuda12-plugin
    #   torch
nvidia-nvjitlink-cu12==12.8.93
    # via
    #   jax-cuda12-plugin
    #   nvidia-cufft-cu12
    #   nvidia-cusolver-cu12
    #   nvidia-cusparse-cu12
    #   torch
nvidia-nvtx-cu12==12.8.90
    # via torch
openai==3.27.0
    # via vllm
openai-harmony==0.0.8
    # via vllm
opencensus==0.11.4
    # via ray
opencensus-context==0.1.3
    # via opencensus
opencv-python-headless==4.11.0.86
    # via
    #   mistral-common
    #   vllm
opentelemetry-api==1.45.1
    # via
    #   fastapi
    #   opentelemetry-exporter-http-transport
    #   opentelemetry-exporter-otlp-proto-http
    #   opentelemetry-exporter-prometheus
    #   opentelemetry-sdk
    #   opentelemetry-semantic-conventions
opentelemetry-exporter-http-transport==0.66b1
    # via opentelemetry-exporter-otlp-proto-http
opentelemetry-exporter-otlp-common==0.66b1
    # via opentelemetry-exporter-otlp-proto-http
opentelemetry-exporter-otlp-proto-common==1.45.1
    # via opentelemetry-exporter-otlp-proto-http
opentelemetry-exporter-otlp-proto-http==1.45.1
    # via fastapi
opentelemetry-exporter-prometheus==0.66b1
    # via ray
opentelemetry-proto==1.45.1
    # via
    #   opentelemetry-exporter-otlp-proto-common
    #   opentelemetry-exporter-otlp-proto-http
    #   ray
opentelemetry-sdk==1.45.1
    # via
    #   fastapi
    #   opentelemetry-exporter-otlp-common
    #   opentelemetry-exporter-otlp-proto-http
    #   opentelemetry-exporter-prometheus
    #   ray
opentelemetry-semantic-conventions==0.66b1
    # via opentelemetry-sdk
opt-einsum==3.4.0
    # via jax
optax==0.2.2
    # via
    #   -r requirements-ucloud-b200.in
    #   levanter
outlines-core==0.2.11
    # via vllm
packaging==26.3
    # via
    #   datasets
    #   huggingface-hub
    #   lm-format-enforcer
    #   marshmallow
    #   matplotlib
    #   ray
    #   transformers
    #   virtualenv
pandas==2.2.2
    # via
    #   -r requirements-ucloud-b200.in
    #   datasets
partial-json-parser==0.2.1.1.post7
    # via vllm
pillow==12.3.0
    # via
    #   matplotlib
    #   mistral-common
    #   torchvision
    #   vllm
platformdirs==4.12.4
    # via
    #   virtualenv
    #   wandb
prometheus-client==0.26.0
    # via
    #   opentelemetry-exporter-prometheus
    #   prometheus-fastapi-instrumentator
    #   ray
    #   vllm
prometheus-fastapi-instrumentator==8.1.0
    # via vllm
propcache==0.5.4
    # via
    #   aiohttp
    #   yarl
proto-plus==1.28.2
    # via google-api-core
protobuf==5.29.6
    # via
    #   google-api-core
    #   googleapis-common-protos
    #   opentelemetry-proto
    #   proto-plus
    #   ray
    #   vllm
    #   wandb
psutil==6.0.0
    # via
    #   -r requirements-ucloud-b200.in
    #   vllm
    #   wandb
py-cpuinfo==9.0.0
    # via vllm
py-spy==0.4.2
    # via ray
pyarrow==17.0.0
    # via
    #   -r requirements-ucloud-b200.in
    #   datasets
    #   levanter
pyasn1==0.6.4
    # via pyasn1-modules
pyasn1-modules==0.4.2
    # via google-auth
pybase64==1.5.1
    # via vllm
pycountry==26.2.16
    # via pydantic-extra-types
pycparser==3.11
    # via cffi
pydantic==2.14.0
    # via
    #   compressed-tensors
    #   fastapi
    #   fastapi-cloud-cli
    #   levanter
    #   lm-format-enforcer
    #   mistral-common
    #   openai
    #   openai-harmony
    #   pydantic-extra-types
    #   pydantic-settings
    #   ray
    #   vllm
    #   xgrammar
pydantic-core==2.50.0
    # via pydantic
pydantic-extra-types==2.11.1
    # via
    #   fastapi
    #   mistral-common
pydantic-settings==2.15.0
    # via fastapi
pygments==2.21.0
    # via rich
pyparsing==3.3.3
    # via matplotlib
python-dateutil==2.9.0.post0
    # via
    #   matplotlib
    #   pandas
python-discovery==1.6.1
    # via virtualenv
python-dotenv==1.2.4
    # via
    #   pydantic-settings
    #   uvicorn
python-json-logger==4.2.0
    # via vllm
python-multipart==0.0.32
    # via fastapi
pytimeparse==1.1.8
    # via levanter
pytz==2026.5
    # via
    #   -r requirements-ucloud-b200.in
    #   pandas
pyyaml==6.0.3
    # via
    #   -r requirements-ucloud-b200.in
    #   datasets
    #   draccus
    #   gguf
    #   huggingface-hub
    #   lm-format-enforcer
    #   ray
    #   transformers
    #   uvicorn
    #   vllm
    #   wandb
pyzmq==27.2.0
    # via vllm
ray==2.48.0
    # via
    #   -r requirements-ucloud-b200.in
    #   levanter
    #   vllm
referencing==0.37.0
    # via
    #   jsonschema
    #   jsonschema-specifications
regex==2026.9.29
    # via
    #   tiktoken
    #   transformers
    #   vllm
requests==2.34.2
    # via
    #   datasets
    #   gguf
    #   google-api-core
    #   huggingface-hub
    #   mistral-common
    #   opentelemetry-exporter-http-transport
    #   opentelemetry-exporter-otlp-proto-http
    #   ray
    #   tiktoken
    #   transformers
    #   vllm
    #   wandb
rich==13.9.4
    # via
    #   levanter
    #   rich-toolkit
    #   typer
rich-toolkit==0.20.6
    # via
    #   fastapi-cli
    #   fastapi-cloud-cli
rignore==0.8.1
    # via fastapi-cloud-cli
rpds-py==0.30.0
    # via
    #   jsonschema
    #   referencing
safetensors==0.4.5
    # via
    #   haliax
    #   levanter
    #   transformers
scipy==1.12.0
    # via
    #   -r requirements-ucloud-b200.in
    #   jax
    #   jaxlib
    #   levanter
    #   vllm
sentencepiece==0.2.2
    # via vllm
sentry-sdk==2.71.0
    # via
    #   fastapi-cloud-cli
    #   wandb
setproctitle==1.3.8
    # via
    #   vllm
    #   wandb
setuptools==84.0.0
    # via
    #   triton
    #   wandb
shellingham==1.5.4
    # via typer
six==1.17.0
    # via
    #   docker-pycreds
    #   opencensus
    #   python-dateutil
smart-open==8.0.2
    # via ray
smmap==5.0.3
    # via gitdb
sniffio==1.3.1
    # via openai
soundfile==0.14.0
    # via mistral-common
soxr==1.1.0
    # via mistral-common
starlette==1.7.0
    # via
    #   fastapi
    #   prometheus-fastapi-instrumentator
sympy==1.14.0
    # via torch
tblib==3.2.2
    # via levanter
tensorstore==0.1.63
    # via
    #   -r requirements-ucloud-b200.in
    #   levanter
termcolor==3.3.0
    # via -r requirements-ucloud-b200.in
tiktoken==0.14.0
    # via
    #   mistral-common
    #   vllm
tokenizers==0.21.4
    # via
    #   levanter
    #   transformers
    #   vllm
toml==0.10.2
    # via draccus
tomli==2.5.0
    # via fastapi-cli
toolz==1.2.0
    # via chex
torch==2.8.0+cu128
    # via
    #   -r requirements-ucloud-b200.in
    #   compressed-tensors
    #   torchaudio
    #   torchvision
    #   vllm
    #   xformers
    #   xgrammar
torchaudio==2.8.0+cu128
    # via vllm
torchvision==0.23.0+cu128
    # via vllm
tqdm==4.67.1
    # via
    #   -r requirements-ucloud-b200.in
    #   datasets
    #   gguf
    #   huggingface-hub
    #   transformers
    #   vllm
transformers==4.55.2
    # via
    #   -r requirements-ucloud-b200.in
    #   compressed-tensors
    #   levanter
    #   vllm
    #   xgrammar
triton==3.4.0
    # via
    #   torch
    #   xgrammar
truststore==0.10.4
    # via
    #   httpcore2
    #   httpx2
typeguard==2.13.3
    # via jaxtyping
typer==0.27.3
    # via
    #   fastapi-cli
    #   fastapi-cloud-cli
typing-extensions==4.16.0
    # via
    #   aiohttp
    #   aiosignal
    #   anyio
    #   blake3
    #   chex
    #   cryptography
    #   equinox
    #   exceptiongroup
    #   fastapi
    #   grpcio
    #   httpx2
    #   huggingface-hub
    #   mistral-common
    #   multidict
    #   openai
    #   opentelemetry-api
    #   opentelemetry-exporter-otlp-proto-http
    #   opentelemetry-sdk
    #   opentelemetry-semantic-conventions
    #   pydantic
    #   pydantic-core
    #   pydantic-extra-types
    #   referencing
    #   rich
    #   rich-toolkit
    #   soundfile
    #   starlette
    #   torch
    #   typing-inspect
    #   typing-inspection
    #   uvicorn
    #   virtualenv
    #   vllm
    #   xgrammar
typing-inspect==0.9.0
    # via
    #   dataclasses-json
    #   draccus
typing-inspection==0.4.4
    # via
    #   fastapi
    #   pydantic
    #   pydantic-settings
tzdata==2026.5
    # via pandas
urllib3==2.8.0
    # via
    #   requests
    #   sentry-sdk
uvicorn==0.54.0
    # via
    #   fastapi
    #   fastapi-cli
    #   fastapi-cloud-cli
uvloop==0.23.0
    # via uvicorn
virtualenv==21.14.6
    # via ray
vllm==0.10.2
    # via -r requirements-ucloud-b200.in
wadler-lindig==0.1.7
    # via equinox
wandb==0.17.5
    # via
    #   -r requirements-ucloud-b200.in
    #   levanter
watchfiles==1.3.0
    # via
    #   uvicorn
    #   vllm
websockets==16.1.1
    # via uvicorn
wrapt==2.5.0
    # via smart-open
xformers==0.0.32.post1
    # via vllm
xgrammar==0.1.23
    # via vllm
xxhash==4.0.1
    # via datasets
yarl==1.25.1
    # via aiohttp
zstandard==0.25.0
    # via levanter
